
Microsoft Visual Studio Solution File, Format Version 12.00
# Visual Studio Version 16
VisualStudioVersion = 16.0.28606.126
MinimumVisualStudioVersion = 10.0.40219.1
Project("{FAE04EC0-301F-11D3-BF4B-00C04F79EFBC}") = "Tweeter", "Tweeter\Tweeter.csproj", "{C3D5B5A1-7BBA-43A7-9484-4B45493816B5}"
EndProject
Project("{FAE04EC0-301F-11D3-BF4B-00C04F79EFBC}") = "Tweeter.Tests", "Tweeter.Tests\Tweeter.Tests.csproj", "{D91CAFB4-6B2E-4986-82E6-C14D8C1ED05D}"
EndProject
Global
	GlobalSection(SolutionConfigurationPlatforms) = preSolution
		Debug|Any CPU = Debug|Any CPU
		Release|Any CPU = Release|Any CPU
	EndGlobalSection
	GlobalSection(ProjectConfigurationPlatforms) = postSolution
		{C3D5B5A1-7BBA-43A7-9484-4B45493816B5}.Debug|Any CPU.ActiveCfg = Debug|Any CPU
		{C3D5B5A1-7BBA-43A7-9484-4B45493816B5}.Debug|Any CPU.Build.0 = Debug|Any CPU
		{C3D5B5A1-7BBA-43A7-9484-4B45493816B5}.Release|Any CPU.ActiveCfg = Release|Any CPU
		{C3D5B5A1-7BBA-43A7-9484-4B45493816B5}.Release|Any CPU.Build.0 = Release|Any CPU
		{D91CAFB4-6B2E-4986-82E6-C14D8C1ED05D}.Debug|Any CPU.ActiveCfg = Debug|Any CPU
		{D91CAFB4-6B2E-4986-82E6-C14D8C1ED05D}.Debug|Any CPU.Build.0 = Debug|Any CPU
		{D91CAFB4-6B2E-4986-82E6-C14D8C1ED05D}.Release|Any CPU.ActiveCfg = Release|Any CPU
		{D91CAFB4-6B2E-4986-82E6-C14D8C1ED05D}.Release|Any CPU.Build.0 = Release|Any CPU
	EndGlobalSection
	GlobalSection(SolutionProperties) = preSolution
		HideSolutionNode = FALSE
	EndGlobalSection
	GlobalSection(ExtensibilityGlobals) = postSolution
		SolutionGuid = {51E0A0A2-11BA-43F3-A26A-3ADCAE473C44}
	EndGlobalSection
EndGlobal
